
Microsoft Visual Studio Solution File, Format Version 12.00
# Visual Studio Version 16
VisualStudioVersion = 16.0.30907.101
MinimumVisualStudioVersion = 10.0.40219.1
Project("{FAE04EC0-301F-11D3-BF4B-00C04F79EFBC}") = "GoGoGadgetoMouse", "PowerCursor\GoGoGadgetoMouse.csproj", "{D4F32FCF-94F5-40D3-BF5F-3C088EB4040D}"
EndProject
Global
	GlobalSection(SolutionConfigurationPlatforms) = preSolution
		Debug|Any CPU = Debug|Any CPU
		Release|Any CPU = Release|Any CPU
	EndGlobalSection
	GlobalSection(ProjectConfigurationPlatforms) = postSolution
		{D4F32FCF-94F5-40D3-BF5F-3C088EB4040D}.Debug|Any CPU.ActiveCfg = Debug|Any CPU
		{D4F32FCF-94F5-40D3-BF5F-3C088EB4040D}.Debug|Any CPU.Build.0 = Debug|Any CPU
		{D4F32FCF-94F5-40D3-BF5F-3C088EB4040D}.Release|Any CPU.ActiveCfg = Release|Any CPU
		{D4F32FCF-94F5-40D3-BF5F-3C088EB4040D}.Release|Any CPU.Build.0 = Release|Any CPU
	EndGlobalSection
	GlobalSection(SolutionProperties) = preSolution
		HideSolutionNode = FALSE
	EndGlobalSection
	GlobalSection(ExtensibilityGlobals) = postSolution
		SolutionGuid = {7E6FFA9C-C819-4787-AF6B-2313F1427B86}
	EndGlobalSection
EndGlobal
